
Microsoft Visual Studio Solution File, Format Version 12.00
# Visual Studio Version 16
VisualStudioVersion = 16.0.31205.134
MinimumVisualStudioVersion = 10.0.40219.1
Project("{FAE04EC0-301F-11D3-BF4B-00C04F79EFBC}") = "Pizza Parlour", "Pizza Parlour\Pizza Parlour.csproj", "{2C3E7BE3-64D4-402C-8E78-70877B19ED59}"
EndProject
Global
	GlobalSection(SolutionConfigurationPlatforms) = preSolution
		Debug|Any CPU = Debug|Any CPU
		Release|Any CPU = Release|Any CPU
	EndGlobalSection
	GlobalSection(ProjectConfigurationPlatforms) = postSolution
		{2C3E7BE3-64D4-402C-8E78-70877B19ED59}.Debug|Any CPU.ActiveCfg = Debug|Any CPU
		{2C3E7BE3-64D4-402C-8E78-70877B19ED59}.Debug|Any CPU.Build.0 = Debug|Any CPU
		{2C3E7BE3-64D4-402C-8E78-70877B19ED59}.Release|Any CPU.ActiveCfg = Release|Any CPU
		{2C3E7BE3-64D4-402C-8E78-70877B19ED59}.Release|Any CPU.Build.0 = Release|Any CPU
	EndGlobalSection
	GlobalSection(SolutionProperties) = preSolution
		HideSolutionNode = FALSE
	EndGlobalSection
	GlobalSection(ExtensibilityGlobals) = postSolution
		SolutionGuid = {33F46927-EA3A-461E-A9AF-4B1C0BA0747B}
	EndGlobalSection
EndGlobal
